
Microsoft Visual Studio Solution File, Format Version 12.00
# Visual Studio Version 17
VisualStudioVersion = 17.5.002.0
MinimumVisualStudioVersion = 10.0.40219.1
Project("{9A19103F-16F7-4668-BE54-9A1E7A4F7556}") = "eto1", "eto1\eto1.csproj", "{528268AE-F999-45FD-9F74-D3AD681AD92D}"
EndProject
Project("{9A19103F-16F7-4668-BE54-9A1E7A4F7556}") = "a1", "a1\a1.csproj", "{69405671-BBB9-477A-989D-A1E5275D48EC}"
EndProject
Project("{9A19103F-16F7-4668-BE54-9A1E7A4F7556}") = "eto1.Gtk", "eto1.Gtk\eto1.Gtk.csproj", "{010973F4-3877-449D-8CCB-B6D04157FBB5}"
EndProject
Global
	GlobalSection(SolutionConfigurationPlatforms) = preSolution
		Debug|Any CPU = Debug|Any CPU
		Release|Any CPU = Release|Any CPU
	EndGlobalSection
	GlobalSection(ProjectConfigurationPlatforms) = postSolution
		{528268AE-F999-45FD-9F74-D3AD681AD92D}.Debug|Any CPU.ActiveCfg = Debug|Any CPU
		{528268AE-F999-45FD-9F74-D3AD681AD92D}.Debug|Any CPU.Build.0 = Debug|Any CPU
		{528268AE-F999-45FD-9F74-D3AD681AD92D}.Release|Any CPU.ActiveCfg = Release|Any CPU
		{528268AE-F999-45FD-9F74-D3AD681AD92D}.Release|Any CPU.Build.0 = Release|Any CPU
		{69405671-BBB9-477A-989D-A1E5275D48EC}.Debug|Any CPU.ActiveCfg = Debug|Any CPU
		{69405671-BBB9-477A-989D-A1E5275D48EC}.Debug|Any CPU.Build.0 = Debug|Any CPU
		{69405671-BBB9-477A-989D-A1E5275D48EC}.Release|Any CPU.ActiveCfg = Release|Any CPU
		{69405671-BBB9-477A-989D-A1E5275D48EC}.Release|Any CPU.Build.0 = Release|Any CPU
		{010973F4-3877-449D-8CCB-B6D04157FBB5}.Debug|Any CPU.ActiveCfg = Debug|Any CPU
		{010973F4-3877-449D-8CCB-B6D04157FBB5}.Debug|Any CPU.Build.0 = Debug|Any CPU
		{010973F4-3877-449D-8CCB-B6D04157FBB5}.Release|Any CPU.ActiveCfg = Release|Any CPU
		{010973F4-3877-449D-8CCB-B6D04157FBB5}.Release|Any CPU.Build.0 = Release|Any CPU
	EndGlobalSection
	GlobalSection(SolutionProperties) = preSolution
		HideSolutionNode = FALSE
	EndGlobalSection
	GlobalSection(ExtensibilityGlobals) = postSolution
		SolutionGuid = {D416B177-50ED-4F36-B6FA-56D81FAC6FA1}
	EndGlobalSection
EndGlobal
